
Microsoft Visual Studio Solution File, Format Version 12.00
# Visual Studio 14
VisualStudioVersion = 14.0.23107.0
MinimumVisualStudioVersion = 10.0.40219.1
Project("{FAE04EC0-301F-11D3-BF4B-00C04F79EFBC}") = "DIByHand", "DIByHand\DIByHand.csproj", "{627E3B90-FFAB-492F-9F33-4630EACC5108}"
EndProject
Project("{FAE04EC0-301F-11D3-BF4B-00C04F79EFBC}") = "DINinject", "DINinject\DINinject.csproj", "{E70B4847-0D87-4279-92A5-A082BEBDB3CA}"
EndProject
Project("{FAE04EC0-301F-11D3-BF4B-00C04F79EFBC}") = "DISamurai", "DISamurai\DISamurai.csproj", "{DCB2460D-5A77-48E0-B091-0B164DA51884}"
EndProject
Global
	GlobalSection(SolutionConfigurationPlatforms) = preSolution
		Debug|Any CPU = Debug|Any CPU
		Release|Any CPU = Release|Any CPU
	EndGlobalSection
	GlobalSection(ProjectConfigurationPlatforms) = postSolution
		{627E3B90-FFAB-492F-9F33-4630EACC5108}.Debug|Any CPU.ActiveCfg = Debug|Any CPU
		{627E3B90-FFAB-492F-9F33-4630EACC5108}.Debug|Any CPU.Build.0 = Debug|Any CPU
		{627E3B90-FFAB-492F-9F33-4630EACC5108}.Release|Any CPU.ActiveCfg = Release|Any CPU
		{627E3B90-FFAB-492F-9F33-4630EACC5108}.Release|Any CPU.Build.0 = Release|Any CPU
		{E70B4847-0D87-4279-92A5-A082BEBDB3CA}.Debug|Any CPU.ActiveCfg = Debug|Any CPU
		{E70B4847-0D87-4279-92A5-A082BEBDB3CA}.Debug|Any CPU.Build.0 = Debug|Any CPU
		{E70B4847-0D87-4279-92A5-A082BEBDB3CA}.Release|Any CPU.ActiveCfg = Release|Any CPU
		{E70B4847-0D87-4279-92A5-A082BEBDB3CA}.Release|Any CPU.Build.0 = Release|Any CPU
		{DCB2460D-5A77-48E0-B091-0B164DA51884}.Debug|Any CPU.ActiveCfg = Debug|Any CPU
		{DCB2460D-5A77-48E0-B091-0B164DA51884}.Debug|Any CPU.Build.0 = Debug|Any CPU
		{DCB2460D-5A77-48E0-B091-0B164DA51884}.Release|Any CPU.ActiveCfg = Release|Any CPU
		{DCB2460D-5A77-48E0-B091-0B164DA51884}.Release|Any CPU.Build.0 = Release|Any CPU
	EndGlobalSection
	GlobalSection(SolutionProperties) = preSolution
		HideSolutionNode = FALSE
	EndGlobalSection
EndGlobal
